
Microsoft Visual Studio Solution File, Format Version 12.00
# Visual Studio Version 17
VisualStudioVersion = 17.8.34525.116
MinimumVisualStudioVersion = 10.0.40219.1
Project("{9A19103F-16F7-4668-BE54-9A1E7A4F7556}") = "ApiLibrary", "ApiLibrary\ApiLibrary.csproj", "{41ADBE29-64D0-4A59-9222-608C74471B05}"
EndProject
Project("{9A19103F-16F7-4668-BE54-9A1E7A4F7556}") = "ApiLibraryTest", "ApiLibraryTest\ApiLibraryTest.csproj", "{5719B636-505F-4A10-BE32-97C16D86AE05}"
EndProject
Project("{FAE04EC0-301F-11D3-BF4B-00C04F79EFBC}") = "LibraryApp", "LibraryApp\LibraryApp.csproj", "{7E9A0A39-54CE-4080-B32C-A4C54787A5C7}"
EndProject
Global
	GlobalSection(SolutionConfigurationPlatforms) = preSolution
		Debug|Any CPU = Debug|Any CPU
		Release|Any CPU = Release|Any CPU
	EndGlobalSection
	GlobalSection(ProjectConfigurationPlatforms) = postSolution
		{41ADBE29-64D0-4A59-9222-608C74471B05}.Debug|Any CPU.ActiveCfg = Debug|Any CPU
		{41ADBE29-64D0-4A59-9222-608C74471B05}.Debug|Any CPU.Build.0 = Debug|Any CPU
		{41ADBE29-64D0-4A59-9222-608C74471B05}.Release|Any CPU.ActiveCfg = Release|Any CPU
		{41ADBE29-64D0-4A59-9222-608C74471B05}.Release|Any CPU.Build.0 = Release|Any CPU
		{5719B636-505F-4A10-BE32-97C16D86AE05}.Debug|Any CPU.ActiveCfg = Debug|Any CPU
		{5719B636-505F-4A10-BE32-97C16D86AE05}.Debug|Any CPU.Build.0 = Debug|Any CPU
		{5719B636-505F-4A10-BE32-97C16D86AE05}.Release|Any CPU.ActiveCfg = Release|Any CPU
		{5719B636-505F-4A10-BE32-97C16D86AE05}.Release|Any CPU.Build.0 = Release|Any CPU
		{7E9A0A39-54CE-4080-B32C-A4C54787A5C7}.Debug|Any CPU.ActiveCfg = Debug|Any CPU
		{7E9A0A39-54CE-4080-B32C-A4C54787A5C7}.Debug|Any CPU.Build.0 = Debug|Any CPU
		{7E9A0A39-54CE-4080-B32C-A4C54787A5C7}.Release|Any CPU.ActiveCfg = Release|Any CPU
		{7E9A0A39-54CE-4080-B32C-A4C54787A5C7}.Release|Any CPU.Build.0 = Release|Any CPU
	EndGlobalSection
	GlobalSection(SolutionProperties) = preSolution
		HideSolutionNode = FALSE
	EndGlobalSection
	GlobalSection(ExtensibilityGlobals) = postSolution
		SolutionGuid = {0EC2E846-6976-447D-B38E-C4121F2A4805}
	EndGlobalSection
EndGlobal
